// !$*UTF8*$!
{
	archiveVersion = 1;
	classes = {
	};
	objectVersion = 50;
	objects = {

/* Begin PBXBuildFile section */
		52FAEA3522D3441000A49D76 /* AppDelegate.swift in Sources */ = {isa = PBXBuildFile; fileRef = 52FAEA3422D3441000A49D76 /* AppDelegate.swift */; };
		52FAEA3722D3441000A49D76 /* ListViewController.swift in Sources */ = {isa = PBXBuildFile; fileRef = 52FAEA3622D3441000A49D76 /* ListViewController.swift */; };
		52FAEA3A22D3441000A49D76 /* Main.storyboard in Resources */ = {isa = PBXBuildFile; fileRef = 52FAEA3822D3441000A49D76 /* Main.storyboard */; };
		52FAEA3C22D3441200A49D76 /* Assets.xcassets in Resources */ = {isa = PBXBuildFile; fileRef = 52FAEA3B22D3441200A49D76 /* Assets.xcassets */; };
		52FAEA3F22D3441200A49D76 /* LaunchScreen.storyboard in Resources */ = {isa = PBXBuildFile; fileRef = 52FAEA3D22D3441200A49D76 /* LaunchScreen.storyboard */; };
		52FAEA4722D347A100A49D76 /* Movies.swift in Sources */ = {isa = PBXBuildFile; fileRef = 52FAEA4622D347A100A49D76 /* Movies.swift */; };
		52FAEA4922D347E000A49D76 /* MoviesCell.swift in Sources */ = {isa = PBXBuildFile; fileRef = 52FAEA4822D347E000A49D76 /* MoviesCell.swift */; };
		52FAEA4B22D367C300A49D76 /* ErrorMsg.swift in Sources */ = {isa = PBXBuildFile; fileRef = 52FAEA4A22D367C300A49D76 /* ErrorMsg.swift */; };
		52FAEA4F22D41B5C00A49D76 /* DetailViewController.swift in Sources */ = {isa = PBXBuildFile; fileRef = 52FAEA4E22D41B5C00A49D76 /* DetailViewController.swift */; };
/* End PBXBuildFile section */

/* Begin PBXFileReference section */
		52FAEA3122D3441000A49D76 /* MovieList.app */ = {isa = PBXFileReference; explicitFileType = wrapper.application; includeInIndex = 0; path = MovieList.app; sourceTree = BUILT_PRODUCTS_DIR; };
		52FAEA3422D3441000A49D76 /* AppDelegate.swift */ = {isa = PBXFileReference; lastKnownFileType = sourcecode.swift; path = AppDelegate.swift; sourceTree = "<group>"; };
		52FAEA3622D3441000A49D76 /* ListViewController.swift */ = {isa = PBXFileReference; lastKnownFileType = sourcecode.swift; path = ListViewController.swift; sourceTree = "<group>"; };
		52FAEA3922D3441000A49D76 /* Base */ = {isa = PBXFileReference; lastKnownFileType = file.storyboard; name = Base; path = Base.lproj/Main.storyboard; sourceTree = "<group>"; };
		52FAEA3B22D3441200A49D76 /* Assets.xcassets */ = {isa = PBXFileReference; lastKnownFileType = folder.assetcatalog; path = Assets.xcassets; sourceTree = "<group>"; };
		52FAEA3E22D3441200A49D76 /* Base */ = {isa = PBXFileReference; lastKnownFileType = file.storyboard; name = Base; path = Base.lproj/LaunchScreen.storyboard; sourceTree = "<group>"; };
		52FAEA4022D3441200A49D76 /* Info.plist */ = {isa = PBXFileReference; lastKnownFileType = text.plist.xml; path = Info.plist; sourceTree = "<group>"; };
		52FAEA4622D347A100A49D76 /* Movies.swift */ = {isa = PBXFileReference; lastKnownFileType = sourcecode.swift; path = Movies.swift; sourceTree = "<group>"; };
		52FAEA4822D347E000A49D76 /* MoviesCell.swift */ = {isa = PBXFileReference; lastKnownFileType = sourcecode.swift; path = MoviesCell.swift; sourceTree = "<group>"; };
		52FAEA4A22D367C300A49D76 /* ErrorMsg.swift */ = {isa = PBXFileReference; lastKnownFileType = sourcecode.swift; path = ErrorMsg.swift; sourceTree = "<group>"; };
		52FAEA4E22D41B5C00A49D76 /* DetailViewController.swift */ = {isa = PBXFileReference; lastKnownFileType = sourcecode.swift; path = DetailViewController.swift; sourceTree = "<group>"; };
/* End PBXFileReference section */

/* Begin PBXFrameworksBuildPhase section */
		52FAEA2E22D3441000A49D76 /* Frameworks */ = {
			isa = PBXFrameworksBuildPhase;
			buildActionMask = 2147483647;
			files = (
			);
			runOnlyForDeploymentPostprocessing = 0;
		};
/* End PBXFrameworksBuildPhase section */

/* Begin PBXGroup section */
		52FAEA2822D3440F00A49D76 = {
			isa = PBXGroup;
			children = (
				52FAEA3322D3441000A49D76 /* MovieList */,
				52FAEA3222D3441000A49D76 /* Products */,
			);
			sourceTree = "<group>";
		};
		52FAEA3222D3441000A49D76 /* Products */ = {
			isa = PBXGroup;
			children = (
				52FAEA3122D3441000A49D76 /* MovieList.app */,
			);
			name = Products;
			sourceTree = "<group>";
		};
		52FAEA3322D3441000A49D76 /* MovieList */ = {
			isa = PBXGroup;
			children = (
				52FAEA3422D3441000A49D76 /* AppDelegate.swift */,
				52FAEA4822D347E000A49D76 /* MoviesCell.swift */,
				52FAEA3622D3441000A49D76 /* ListViewController.swift */,
				52FAEA4E22D41B5C00A49D76 /* DetailViewController.swift */,
				52FAEA4622D347A100A49D76 /* Movies.swift */,
				52FAEA4A22D367C300A49D76 /* ErrorMsg.swift */,
				52FAEA3822D3441000A49D76 /* Main.storyboard */,
				52FAEA3B22D3441200A49D76 /* Assets.xcassets */,
				52FAEA3D22D3441200A49D76 /* LaunchScreen.storyboard */,
				52FAEA4022D3441200A49D76 /* Info.plist */,
			);
			path = MovieList;
			sourceTree = "<group>";
		};
/* End PBXGroup section */

/* Begin PBXNativeTarget section */
		52FAEA3022D3441000A49D76 /* MovieList */ = {
			isa = PBXNativeTarget;
			buildConfigurationList = 52FAEA4322D3441200A49D76 /* Build configuration list for PBXNativeTarget "MovieList" */;
			buildPhases = (
				52FAEA2D22D3441000A49D76 /* Sources */,
				52FAEA2E22D3441000A49D76 /* Frameworks */,
				52FAEA2F22D3441000A49D76 /* Resources */,
			);
			buildRules = (
			);
			dependencies = (
			);
			name = MovieList;
			productName = MovieList;
			productReference = 52FAEA3122D3441000A49D76 /* MovieList.app */;
			productType = "com.apple.product-type.application";
		};
/* End PBXNativeTarget section */

/* Begin PBXProject section */
		52FAEA2922D3440F00A49D76 /* Project object */ = {
			isa = PBXProject;
			attributes = {
				LastSwiftUpdateCheck = 1010;
				LastUpgradeCheck = 1010;
				ORGANIZATIONNAME = Shruezee;
				TargetAttributes = {
					52FAEA3022D3441000A49D76 = {
						CreatedOnToolsVersion = 10.1;
					};
				};
			};
			buildConfigurationList = 52FAEA2C22D3441000A49D76 /* Build configuration list for PBXProject "MovieList" */;
			compatibilityVersion = "Xcode 9.3";
			developmentRegion = en;
			hasScannedForEncodings = 0;
			knownRegions = (
				en,
				Base,
			);
			mainGroup = 52FAEA2822D3440F00A49D76;
			productRefGroup = 52FAEA3222D3441000A49D76 /* Products */;
			projectDirPath = "";
			projectRoot = "";
			targets = (
				52FAEA3022D3441000A49D76 /* MovieList */,
			);
		};
/* End PBXProject section */

/* Begin PBXResourcesBuildPhase section */
		52FAEA2F22D3441000A49D76 /* Resources */ = {
			isa = PBXResourcesBuildPhase;
			buildActionMask = 2147483647;
			files = (
				52FAEA3F22D3441200A49D76 /* LaunchScreen.storyboard in Resources */,
				52FAEA3C22D3441200A49D76 /* Assets.xcassets in Resources */,
				52FAEA3A22D3441000A49D76 /* Main.storyboard in Resources */,
			);
			runOnlyForDeploymentPostprocessing = 0;
		};
/* End PBXResourcesBuildPhase section */

/* Begin PBXSourcesBuildPhase section */
		52FAEA2D22D3441000A49D76 /* Sources */ = {
			isa = PBXSourcesBuildPhase;
			buildActionMask = 2147483647;
			files = (
				52FAEA3722D3441000A49D76 /* ListViewController.swift in Sources */,
				52FAEA3522D3441000A49D76 /* AppDelegate.swift in Sources */,
				52FAEA4922D347E000A49D76 /* MoviesCell.swift in Sources */,
				52FAEA4B22D367C300A49D76 /* ErrorMsg.swift in Sources */,
				52FAEA4722D347A100A49D76 /* Movies.swift in Sources */,
				52FAEA4F22D41B5C00A49D76 /* DetailViewController.swift in Sources */,
			);
			runOnlyForDeploymentPostprocessing = 0;
		};
/* End PBXSourcesBuildPhase section */

/* Begin PBXVariantGroup section */
		52FAEA3822D3441000A49D76 /* Main.storyboard */ = {
			isa = PBXVariantGroup;
			children = (
				52FAEA3922D3441000A49D76 /* Base */,
			);
			name = Main.storyboard;
			sourceTree = "<group>";
		};
		52FAEA3D22D3441200A49D76 /* LaunchScreen.storyboard */ = {
			isa = PBXVariantGroup;
			children = (
				52FAEA3E22D3441200A49D76 /* Base */,
			);
			name = LaunchScreen.storyboard;
			sourceTree = "<group>";
		};
/* End PBXVariantGroup section */

/* Begin XCBuildConfiguration section */
		52FAEA4122D3441200A49D76 /* Debug */ = {
			isa = XCBuildConfiguration;
			buildSettings = {
				ALWAYS_SEARCH_USER_PATHS = NO;
				CLANG_ANALYZER_NONNULL = YES;
				CLANG_ANALYZER_NUMBER_OBJECT_CONVERSION = YES_AGGRESSIVE;
				CLANG_CXX_LANGUAGE_STANDARD = "gnu++14";
				CLANG_CXX_LIBRARY = "libc++";
				CLANG_ENABLE_MODULES = YES;
				CLANG_ENABLE_OBJC_ARC = YES;
				CLANG_ENABLE_OBJC_WEAK = YES;
				CLANG_WARN_BLOCK_CAPTURE_AUTORELEASING = YES;
				CLANG_WARN_BOOL_CONVERSION = YES;
				CLANG_WARN_COMMA = YES;
				CLANG_WARN_CONSTANT_CONVERSION = YES;
				CLANG_WARN_DEPRECATED_OBJC_IMPLEMENTATIONS = YES;
				CLANG_WARN_DIRECT_OBJC_ISA_USAGE = YES_ERROR;
				CLANG_WARN_DOCUMENTATION_COMMENTS = YES;
				CLANG_WARN_EMPTY_BODY = YES;
				CLANG_WARN_ENUM_CONVERSION = YES;
				CLANG_WARN_INFINITE_RECURSION = YES;
				CLANG_WARN_INT_CONVERSION = YES;
				CLANG_WARN_NON_LITERAL_NULL_CONVERSION = YES;
				CLANG_WARN_OBJC_IMPLICIT_RETAIN_SELF = YES;
				CLANG_WARN_OBJC_LITERAL_CONVERSION = YES;
				CLANG_WARN_OBJC_ROOT_CLASS = YES_ERROR;
				CLANG_WARN_RANGE_LOOP_ANALYSIS = YES;
				CLANG_WARN_STRICT_PROTOTYPES = YES;
				CLANG_WARN_SUSPICIOUS_MOVE = YES;
				CLANG_WARN_UNGUARDED_AVAILABILITY = YES_AGGRESSIVE;
				CLANG_WARN_UNREACHABLE_CODE = YES;
				CLANG_WARN__DUPLICATE_METHOD_MATCH = YES;
				CODE_SIGN_IDENTITY = "iPhone Developer";
				COPY_PHASE_STRIP = NO;
				DEBUG_INFORMATION_FORMAT = dwarf;
				ENABLE_STRICT_OBJC_MSGSEND = YES;
				ENABLE_TESTABILITY = YES;
				GCC_C_LANGUAGE_STANDARD = gnu11;
				GCC_DYNAMIC_NO_PIC = NO;
				GCC_NO_COMMON_BLOCKS = YES;
				GCC_OPTIMIZATION_LEVEL = 0;
				GCC_PREPROCESSOR_DEFINITIONS = (
					"DEBUG=1",
					"$(inherited)",
				);
				GCC_WARN_64_TO_32_BIT_CONVERSION = YES;
				GCC_WARN_ABOUT_RETURN_TYPE = YES_ERROR;
				GCC_WARN_UNDECLARED_SELECTOR = YES;
				GCC_WARN_UNINITIALIZED_AUTOS = YES_AGGRESSIVE;
				GCC_WARN_UNUSED_FUNCTION = YES;
				GCC_WARN_UNUSED_VARIABLE = YES;
				IPHONEOS_DEPLOYMENT_TARGET = 12.1;
				MTL_ENABLE_DEBUG_INFO = INCLUDE_SOURCE;
				MTL_FAST_MATH = YES;
				ONLY_ACTIVE_ARCH = YES;
				SDKROOT = iphoneos;
				SWIFT_ACTIVE_COMPILATION_CONDITIONS = DEBUG;
				SWIFT_OPTIMIZATION_LEVEL = "-Onone";
			};
			name = Debug;
		};
		52FAEA4222D3441200A49D76 /* Release */ = {
			isa = XCBuildConfiguration;
			buildSettings = {
				ALWAYS_SEARCH_USER_PATHS = NO;
				CLANG_ANALYZER_NONNULL = YES;
				CLANG_ANALYZER_NUMBER_OBJECT_CONVERSION = YES_AGGRESSIVE;
				CLANG_CXX_LANGUAGE_STANDARD = "gnu++14";
				CLANG_CXX_LIBRARY = "libc++";
				CLANG_ENABLE_MODULES = YES;
				CLANG_ENABLE_OBJC_ARC = YES;
				CLANG_ENABLE_OBJC_WEAK = YES;
				CLANG_WARN_BLOCK_CAPTURE_AUTORELEASING = YES;
				CLANG_WARN_BOOL_CONVERSION = YES;
				CLANG_WARN_COMMA = YES;
				CLANG_WARN_CONSTANT_CONVERSION = YES;
				CLANG_WARN_DEPRECATED_OBJC_IMPLEMENTATIONS = YES;
				CLANG_WARN_DIRECT_OBJC_ISA_USAGE = YES_ERROR;
				CLANG_WARN_DOCUMENTATION_COMMENTS = YES;
				CLANG_WARN_EMPTY_BODY = YES;
				CLANG_WARN_ENUM_CONVERSION = YES;
				CLANG_WARN_INFINITE_RECURSION = YES;
				CLANG_WARN_INT_CONVERSION = YES;
				CLANG_WARN_NON_LITERAL_NULL_CONVERSION = YES;
				CLANG_WARN_OBJC_IMPLICIT_RETAIN_SELF = YES;
				CLANG_WARN_OBJC_LITERAL_CONVERSION = YES;
				CLANG_WARN_OBJC_ROOT_CLASS = YES_ERROR;
				CLANG_WARN_RANGE_LOOP_ANALYSIS = YES;
				CLANG_WARN_STRICT_PROTOTYPES = YES;
				CLANG_WARN_SUSPICIOUS_MOVE = YES;
				CLANG_WARN_UNGUARDED_AVAILABILITY = YES_AGGRESSIVE;
				CLANG_WARN_UNREACHABLE_CODE = YES;
				CLANG_WARN__DUPLICATE_METHOD_MATCH = YES;
				CODE_SIGN_IDENTITY = "iPhone Developer";
				COPY_PHASE_STRIP = NO;
				DEBUG_INFORMATION_FORMAT = "dwarf-with-dsym";
				ENABLE_NS_ASSERTIONS = NO;
				ENABLE_STRICT_OBJC_MSGSEND = YES;
				GCC_C_LANGUAGE_STANDARD = gnu11;
				GCC_NO_COMMON_BLOCKS = YES;
				GCC_WARN_64_TO_32_BIT_CONVERSION = YES;
				GCC_WARN_ABOUT_RETURN_TYPE = YES_ERROR;
				GCC_WARN_UNDECLARED_SELECTOR = YES;
				GCC_WARN_UNINITIALIZED_AUTOS = YES_AGGRESSIVE;
				GCC_WARN_UNUSED_FUNCTION = YES;
				GCC_WARN_UNUSED_VARIABLE = YES;
				IPHONEOS_DEPLOYMENT_TARGET = 12.1;
				MTL_ENABLE_DEBUG_INFO = NO;
				MTL_FAST_MATH = YES;
				SDKROOT = iphoneos;
				SWIFT_COMPILATION_MODE = wholemodule;
				SWIFT_OPTIMIZATION_LEVEL = "-O";
				VALIDATE_PRODUCT = YES;
			};
			name = Release;
		};
		52FAEA4422D3441200A49D76 /* Debug */ = {
			isa = XCBuildConfiguration;
			buildSettings = {
				ASSETCATALOG_COMPILER_APPICON_NAME = AppIcon;
				CODE_SIGN_STYLE = Automatic;
				DEVELOPMENT_TEAM = 3U639ZFBNG;
				INFOPLIST_FILE = MovieList/Info.plist;
				LD_RUNPATH_SEARCH_PATHS = (
					"$(inherited)",
					"@executable_path/Frameworks",
				);
				PRODUCT_BUNDLE_IDENTIFIER = com.shruezee.MovieList;
				PRODUCT_NAME = "$(TARGET_NAME)";
				SWIFT_VERSION = 4.2;
				TARGETED_DEVICE_FAMILY = "1,2";
			};
			name = Debug;
		};
		52FAEA4522D3441200A49D76 /* Release */ = {
			isa = XCBuildConfiguration;
			buildSettings = {
				ASSETCATALOG_COMPILER_APPICON_NAME = AppIcon;
				CODE_SIGN_STYLE = Automatic;
				DEVELOPMENT_TEAM = 3U639ZFBNG;
				INFOPLIST_FILE = MovieList/Info.plist;
				LD_RUNPATH_SEARCH_PATHS = (
					"$(inherited)",
					"@executable_path/Frameworks",
				);
				PRODUCT_BUNDLE_IDENTIFIER = com.shruezee.MovieList;
				PRODUCT_NAME = "$(TARGET_NAME)";
				SWIFT_VERSION = 4.2;
				TARGETED_DEVICE_FAMILY = "1,2";
			};
			name = Release;
		};
/* End XCBuildConfiguration section */

/* Begin XCConfigurationList section */
		52FAEA2C22D3441000A49D76 /* Build configuration list for PBXProject "MovieList" */ = {
			isa = XCConfigurationList;
			buildConfigurations = (
				52FAEA4122D3441200A49D76 /* Debug */,
				52FAEA4222D3441200A49D76 /* Release */,
			);
			defaultConfigurationIsVisible = 0;
			defaultConfigurationName = Release;
		};
		52FAEA4322D3441200A49D76 /* Build configuration list for PBXNativeTarget "MovieList" */ = {
			isa = XCConfigurationList;
			buildConfigurations = (
				52FAEA4422D3441200A49D76 /* Debug */,
				52FAEA4522D3441200A49D76 /* Release */,
			);
			defaultConfigurationIsVisible = 0;
			defaultConfigurationName = Release;
		};
/* End XCConfigurationList section */
	};
	rootObject = 52FAEA2922D3440F00A49D76 /* Project object */;
}
